
Microsoft Visual Studio Solution File, Format Version 12.00
# Visual Studio Version 17
VisualStudioVersion = 17.0.31919.166
MinimumVisualStudioVersion = 10.0.40219.1
Project("{FAE04EC0-301F-11D3-BF4B-00C04F79EFBC}") = "FantasyTeams", "FantasyTeams\FantasyTeams.csproj", "{CDF460D3-2110-4579-A60B-B37C2D20276C}"
EndProject
Global
	GlobalSection(SolutionConfigurationPlatforms) = preSolution
		Debug|Any CPU = Debug|Any CPU
		Release|Any CPU = Release|Any CPU
	EndGlobalSection
	GlobalSection(ProjectConfigurationPlatforms) = postSolution
		{CDF460D3-2110-4579-A60B-B37C2D20276C}.Debug|Any CPU.ActiveCfg = Debug|Any CPU
		{CDF460D3-2110-4579-A60B-B37C2D20276C}.Debug|Any CPU.Build.0 = Debug|Any CPU
		{CDF460D3-2110-4579-A60B-B37C2D20276C}.Release|Any CPU.ActiveCfg = Release|Any CPU
		{CDF460D3-2110-4579-A60B-B37C2D20276C}.Release|Any CPU.Build.0 = Release|Any CPU
	EndGlobalSection
	GlobalSection(SolutionProperties) = preSolution
		HideSolutionNode = FALSE
	EndGlobalSection
	GlobalSection(ExtensibilityGlobals) = postSolution
		SolutionGuid = {1D012829-3453-4AB1-B7EF-C936B136EA34}
	EndGlobalSection
EndGlobal
